
Microsoft Visual Studio Solution File, Format Version 12.00
# Visual Studio 14
VisualStudioVersion = 14.0.25420.1
MinimumVisualStudioVersion = 10.0.40219.1
Project("{FAE04EC0-301F-11D3-BF4B-00C04F79EFBC}") = "EnerCable", "EnerCable\EnerCable.csproj", "{CABEEC93-5736-417A-A808-AC5EE8F6CEAD}"
EndProject
Global
	GlobalSection(SolutionConfigurationPlatforms) = preSolution
		Debug|Any CPU = Debug|Any CPU
		Release|Any CPU = Release|Any CPU
	EndGlobalSection
	GlobalSection(ProjectConfigurationPlatforms) = postSolution
		{CABEEC93-5736-417A-A808-AC5EE8F6CEAD}.Debug|Any CPU.ActiveCfg = Debug|Any CPU
		{CABEEC93-5736-417A-A808-AC5EE8F6CEAD}.Debug|Any CPU.Build.0 = Debug|Any CPU
		{CABEEC93-5736-417A-A808-AC5EE8F6CEAD}.Release|Any CPU.ActiveCfg = Release|Any CPU
		{CABEEC93-5736-417A-A808-AC5EE8F6CEAD}.Release|Any CPU.Build.0 = Release|Any CPU
	EndGlobalSection
	GlobalSection(SolutionProperties) = preSolution
		HideSolutionNode = FALSE
	EndGlobalSection
EndGlobal
